
Microsoft Visual Studio Solution File, Format Version 12.00
# Visual Studio 2012
Project("{2150E333-8FDC-42A3-9474-1A3956D46DE8}") = "Tests", "Tests", "{6840FCAF-4A55-40AA-94EA-C1F3B615887B}"
EndProject
Project("{FAE04EC0-301F-11D3-BF4B-00C04F79EFBC}") = "NEthereum.Tests.Core", "NEthereum.Tests.Core\NEthereum.Tests.Core.csproj", "{A8E6437B-6ED6-4963-AB76-2D49B516936B}"
EndProject
Project("{FAE04EC0-301F-11D3-BF4B-00C04F79EFBC}") = "NEthereum.Core", "NEthereum.Core\NEthereum.Core.csproj", "{B670BBC6-EEE4-48A3-A5DF-E5D608E19AB0}"
EndProject
Global
	GlobalSection(SolutionConfigurationPlatforms) = preSolution
		Debug|Any CPU = Debug|Any CPU
		Release|Any CPU = Release|Any CPU
	EndGlobalSection
	GlobalSection(ProjectConfigurationPlatforms) = postSolution
		{A8E6437B-6ED6-4963-AB76-2D49B516936B}.Debug|Any CPU.ActiveCfg = Debug|Any CPU
		{A8E6437B-6ED6-4963-AB76-2D49B516936B}.Debug|Any CPU.Build.0 = Debug|Any CPU
		{A8E6437B-6ED6-4963-AB76-2D49B516936B}.Release|Any CPU.ActiveCfg = Release|Any CPU
		{A8E6437B-6ED6-4963-AB76-2D49B516936B}.Release|Any CPU.Build.0 = Release|Any CPU
		{B670BBC6-EEE4-48A3-A5DF-E5D608E19AB0}.Debug|Any CPU.ActiveCfg = Debug|Any CPU
		{B670BBC6-EEE4-48A3-A5DF-E5D608E19AB0}.Debug|Any CPU.Build.0 = Debug|Any CPU
		{B670BBC6-EEE4-48A3-A5DF-E5D608E19AB0}.Release|Any CPU.ActiveCfg = Release|Any CPU
		{B670BBC6-EEE4-48A3-A5DF-E5D608E19AB0}.Release|Any CPU.Build.0 = Release|Any CPU
	EndGlobalSection
	GlobalSection(SolutionProperties) = preSolution
		HideSolutionNode = FALSE
	EndGlobalSection
	GlobalSection(NestedProjects) = preSolution
		{A8E6437B-6ED6-4963-AB76-2D49B516936B} = {6840FCAF-4A55-40AA-94EA-C1F3B615887B}
	EndGlobalSection
EndGlobal
